// !$*UTF8*$!
{
	archiveVersion = 1;
	classes = {
	};
	objectVersion = 56;
	objects = {

/* Begin PBXBuildFile section */
		570B86AA2B0814A500DCE6A0 /* RealityKitContent in Frameworks */ = {isa = PBXBuildFile; productRef = 570B86A92B0814A500DCE6A0 /* RealityKitContent */; };
		570B86AC2B0814A500DCE6A0 /* VisionProDemoApp.swift in Sources */ = {isa = PBXBuildFile; fileRef = 570B86AB2B0814A500DCE6A0 /* VisionProDemoApp.swift */; };
		570B86AE2B0814A500DCE6A0 /* ContentView.swift in Sources */ = {isa = PBXBuildFile; fileRef = 570B86AD2B0814A500DCE6A0 /* ContentView.swift */; };
		570B86B02B0814A500DCE6A0 /* ImmersiveView.swift in Sources */ = {isa = PBXBuildFile; fileRef = 570B86AF2B0814A500DCE6A0 /* ImmersiveView.swift */; };
		570B86B22B0814A700DCE6A0 /* Assets.xcassets in Resources */ = {isa = PBXBuildFile; fileRef = 570B86B12B0814A700DCE6A0 /* Assets.xcassets */; };
		570B86B52B0814A700DCE6A0 /* Preview Assets.xcassets in Resources */ = {isa = PBXBuildFile; fileRef = 570B86B42B0814A700DCE6A0 /* Preview Assets.xcassets */; };
		570B86BD2B0845FE00DCE6A0 /* PlayerView.swift in Sources */ = {isa = PBXBuildFile; fileRef = 570B86BC2B0845FE00DCE6A0 /* PlayerView.swift */; };
		570B86E22B085A4900DCE6A0 /* ViewModel.swift in Sources */ = {isa = PBXBuildFile; fileRef = 570B86E12B085A4900DCE6A0 /* ViewModel.swift */; };
/* End PBXBuildFile section */

/* Begin PBXFileReference section */
		570B86A42B0814A500DCE6A0 /* VisionProDemo.app */ = {isa = PBXFileReference; explicitFileType = wrapper.application; includeInIndex = 0; path = VisionProDemo.app; sourceTree = BUILT_PRODUCTS_DIR; };
		570B86A82B0814A500DCE6A0 /* RealityKitContent */ = {isa = PBXFileReference; lastKnownFileType = wrapper; path = RealityKitContent; sourceTree = "<group>"; };
		570B86AB2B0814A500DCE6A0 /* VisionProDemoApp.swift */ = {isa = PBXFileReference; lastKnownFileType = sourcecode.swift; path = VisionProDemoApp.swift; sourceTree = "<group>"; };
		570B86AD2B0814A500DCE6A0 /* ContentView.swift */ = {isa = PBXFileReference; lastKnownFileType = sourcecode.swift; path = ContentView.swift; sourceTree = "<group>"; };
		570B86AF2B0814A500DCE6A0 /* ImmersiveView.swift */ = {isa = PBXFileReference; lastKnownFileType = sourcecode.swift; path = ImmersiveView.swift; sourceTree = "<group>"; };
		570B86B12B0814A700DCE6A0 /* Assets.xcassets */ = {isa = PBXFileReference; lastKnownFileType = folder.assetcatalog; path = Assets.xcassets; sourceTree = "<group>"; };
		570B86B42B0814A700DCE6A0 /* Preview Assets.xcassets */ = {isa = PBXFileReference; lastKnownFileType = folder.assetcatalog; path = "Preview Assets.xcassets"; sourceTree = "<group>"; };
		570B86B62B0814A700DCE6A0 /* Info.plist */ = {isa = PBXFileReference; lastKnownFileType = text.plist.xml; path = Info.plist; sourceTree = "<group>"; };
		570B86BC2B0845FE00DCE6A0 /* PlayerView.swift */ = {isa = PBXFileReference; lastKnownFileType = sourcecode.swift; path = PlayerView.swift; sourceTree = "<group>"; };
		570B86E12B085A4900DCE6A0 /* ViewModel.swift */ = {isa = PBXFileReference; lastKnownFileType = sourcecode.swift; path = ViewModel.swift; sourceTree = "<group>"; };
/* End PBXFileReference section */

/* Begin PBXFrameworksBuildPhase section */
		570B86A12B0814A500DCE6A0 /* Frameworks */ = {
			isa = PBXFrameworksBuildPhase;
			buildActionMask = 2147483647;
			files = (
				570B86AA2B0814A500DCE6A0 /* RealityKitContent in Frameworks */,
			);
			runOnlyForDeploymentPostprocessing = 0;
		};
/* End PBXFrameworksBuildPhase section */

/* Begin PBXGroup section */
		570B869B2B0814A500DCE6A0 = {
			isa = PBXGroup;
			children = (
				570B86A62B0814A500DCE6A0 /* VisionProDemo */,
				570B86A72B0814A500DCE6A0 /* Packages */,
				570B86A52B0814A500DCE6A0 /* Products */,
			);
			sourceTree = "<group>";
		};
		570B86A52B0814A500DCE6A0 /* Products */ = {
			isa = PBXGroup;
			children = (
				570B86A42B0814A500DCE6A0 /* VisionProDemo.app */,
			);
			name = Products;
			sourceTree = "<group>";
		};
		570B86A62B0814A500DCE6A0 /* VisionProDemo */ = {
			isa = PBXGroup;
			children = (
				570B86AB2B0814A500DCE6A0 /* VisionProDemoApp.swift */,
				570B86E12B085A4900DCE6A0 /* ViewModel.swift */,
				570B86AD2B0814A500DCE6A0 /* ContentView.swift */,
				570B86BC2B0845FE00DCE6A0 /* PlayerView.swift */,
				570B86AF2B0814A500DCE6A0 /* ImmersiveView.swift */,
				570B86B12B0814A700DCE6A0 /* Assets.xcassets */,
				570B86B62B0814A700DCE6A0 /* Info.plist */,
				570B86B32B0814A700DCE6A0 /* Preview Content */,
			);
			path = VisionProDemo;
			sourceTree = "<group>";
		};
		570B86A72B0814A500DCE6A0 /* Packages */ = {
			isa = PBXGroup;
			children = (
				570B86A82B0814A500DCE6A0 /* RealityKitContent */,
			);
			path = Packages;
			sourceTree = "<group>";
		};
		570B86B32B0814A700DCE6A0 /* Preview Content */ = {
			isa = PBXGroup;
			children = (
				570B86B42B0814A700DCE6A0 /* Preview Assets.xcassets */,
			);
			path = "Preview Content";
			sourceTree = "<group>";
		};
/* End PBXGroup section */

/* Begin PBXNativeTarget section */
		570B86A32B0814A500DCE6A0 /* VisionProDemo */ = {
			isa = PBXNativeTarget;
			buildConfigurationList = 570B86B92B0814A700DCE6A0 /* Build configuration list for PBXNativeTarget "VisionProDemo" */;
			buildPhases = (
				570B86A02B0814A500DCE6A0 /* Sources */,
				570B86A12B0814A500DCE6A0 /* Frameworks */,
				570B86A22B0814A500DCE6A0 /* Resources */,
			);
			buildRules = (
			);
			dependencies = (
			);
			name = VisionProDemo;
			packageProductDependencies = (
				570B86A92B0814A500DCE6A0 /* RealityKitContent */,
			);
			productName = VisionProDemo;
			productReference = 570B86A42B0814A500DCE6A0 /* VisionProDemo.app */;
			productType = "com.apple.product-type.application";
		};
/* End PBXNativeTarget section */

/* Begin PBXProject section */
		570B869C2B0814A500DCE6A0 /* Project object */ = {
			isa = PBXProject;
			attributes = {
				BuildIndependentTargetsInParallel = 1;
				LastSwiftUpdateCheck = 1510;
				LastUpgradeCheck = 1510;
				TargetAttributes = {
					570B86A32B0814A500DCE6A0 = {
						CreatedOnToolsVersion = 15.1;
					};
				};
			};
			buildConfigurationList = 570B869F2B0814A500DCE6A0 /* Build configuration list for PBXProject "VisionProDemo" */;
			compatibilityVersion = "Xcode 14.0";
			developmentRegion = en;
			hasScannedForEncodings = 0;
			knownRegions = (
				en,
				Base,
			);
			mainGroup = 570B869B2B0814A500DCE6A0;
			productRefGroup = 570B86A52B0814A500DCE6A0 /* Products */;
			projectDirPath = "";
			projectRoot = "";
			targets = (
				570B86A32B0814A500DCE6A0 /* VisionProDemo */,
			);
		};
/* End PBXProject section */

/* Begin PBXResourcesBuildPhase section */
		570B86A22B0814A500DCE6A0 /* Resources */ = {
			isa = PBXResourcesBuildPhase;
			buildActionMask = 2147483647;
			files = (
				570B86B52B0814A700DCE6A0 /* Preview Assets.xcassets in Resources */,
				570B86B22B0814A700DCE6A0 /* Assets.xcassets in Resources */,
			);
			runOnlyForDeploymentPostprocessing = 0;
		};
/* End PBXResourcesBuildPhase section */

/* Begin PBXSourcesBuildPhase section */
		570B86A02B0814A500DCE6A0 /* Sources */ = {
			isa = PBXSourcesBuildPhase;
			buildActionMask = 2147483647;
			files = (
				570B86AE2B0814A500DCE6A0 /* ContentView.swift in Sources */,
				570B86AC2B0814A500DCE6A0 /* VisionProDemoApp.swift in Sources */,
				570B86B02B0814A500DCE6A0 /* ImmersiveView.swift in Sources */,
				570B86E22B085A4900DCE6A0 /* ViewModel.swift in Sources */,
				570B86BD2B0845FE00DCE6A0 /* PlayerView.swift in Sources */,
			);
			runOnlyForDeploymentPostprocessing = 0;
		};
/* End PBXSourcesBuildPhase section */

/* Begin XCBuildConfiguration section */
		570B86B72B0814A700DCE6A0 /* Debug */ = {
			isa = XCBuildConfiguration;
			buildSettings = {
				ALWAYS_SEARCH_USER_PATHS = NO;
				ASSETCATALOG_COMPILER_GENERATE_SWIFT_ASSET_SYMBOL_EXTENSIONS = YES;
				CLANG_ANALYZER_NONNULL = YES;
				CLANG_ANALYZER_NUMBER_OBJECT_CONVERSION = YES_AGGRESSIVE;
				CLANG_CXX_LANGUAGE_STANDARD = "gnu++20";
				CLANG_ENABLE_MODULES = YES;
				CLANG_ENABLE_OBJC_ARC = YES;
				CLANG_ENABLE_OBJC_WEAK = YES;
				CLANG_WARN_BLOCK_CAPTURE_AUTORELEASING = YES;
				CLANG_WARN_BOOL_CONVERSION = YES;
				CLANG_WARN_COMMA = YES;
				CLANG_WARN_CONSTANT_CONVERSION = YES;
				CLANG_WARN_DEPRECATED_OBJC_IMPLEMENTATIONS = YES;
				CLANG_WARN_DIRECT_OBJC_ISA_USAGE = YES_ERROR;
				CLANG_WARN_DOCUMENTATION_COMMENTS = YES;
				CLANG_WARN_EMPTY_BODY = YES;
				CLANG_WARN_ENUM_CONVERSION = YES;
				CLANG_WARN_INFINITE_RECURSION = YES;
				CLANG_WARN_INT_CONVERSION = YES;
				CLANG_WARN_NON_LITERAL_NULL_CONVERSION = YES;
				CLANG_WARN_OBJC_IMPLICIT_RETAIN_SELF = YES;
				CLANG_WARN_OBJC_LITERAL_CONVERSION = YES;
				CLANG_WARN_OBJC_ROOT_CLASS = YES_ERROR;
				CLANG_WARN_QUOTED_INCLUDE_IN_FRAMEWORK_HEADER = YES;
				CLANG_WARN_RANGE_LOOP_ANALYSIS = YES;
				CLANG_WARN_STRICT_PROTOTYPES = YES;
				CLANG_WARN_SUSPICIOUS_MOVE = YES;
				CLANG_WARN_UNGUARDED_AVAILABILITY = YES_AGGRESSIVE;
				CLANG_WARN_UNREACHABLE_CODE = YES;
				CLANG_WARN__DUPLICATE_METHOD_MATCH = YES;
				COPY_PHASE_STRIP = NO;
				DEBUG_INFORMATION_FORMAT = dwarf;
				ENABLE_STRICT_OBJC_MSGSEND = YES;
				ENABLE_TESTABILITY = YES;
				ENABLE_USER_SCRIPT_SANDBOXING = YES;
				GCC_C_LANGUAGE_STANDARD = gnu17;
				GCC_DYNAMIC_NO_PIC = NO;
				GCC_NO_COMMON_BLOCKS = YES;
				GCC_OPTIMIZATION_LEVEL = 0;
				GCC_PREPROCESSOR_DEFINITIONS = (
					"DEBUG=1",
					"$(inherited)",
				);
				GCC_WARN_64_TO_32_BIT_CONVERSION = YES;
				GCC_WARN_ABOUT_RETURN_TYPE = YES_ERROR;
				GCC_WARN_UNDECLARED_SELECTOR = YES;
				GCC_WARN_UNINITIALIZED_AUTOS = YES_AGGRESSIVE;
				GCC_WARN_UNUSED_FUNCTION = YES;
				GCC_WARN_UNUSED_VARIABLE = YES;
				LOCALIZATION_PREFERS_STRING_CATALOGS = YES;
				MTL_ENABLE_DEBUG_INFO = INCLUDE_SOURCE;
				MTL_FAST_MATH = YES;
				ONLY_ACTIVE_ARCH = YES;
				SDKROOT = xros;
				SWIFT_ACTIVE_COMPILATION_CONDITIONS = "DEBUG $(inherited)";
				SWIFT_OPTIMIZATION_LEVEL = "-Onone";
				XROS_DEPLOYMENT_TARGET = 1.0;
			};
			name = Debug;
		};
		570B86B82B0814A700DCE6A0 /* Release */ = {
			isa = XCBuildConfiguration;
			buildSettings = {
				ALWAYS_SEARCH_USER_PATHS = NO;
				ASSETCATALOG_COMPILER_GENERATE_SWIFT_ASSET_SYMBOL_EXTENSIONS = YES;
				CLANG_ANALYZER_NONNULL = YES;
				CLANG_ANALYZER_NUMBER_OBJECT_CONVERSION = YES_AGGRESSIVE;
				CLANG_CXX_LANGUAGE_STANDARD = "gnu++20";
				CLANG_ENABLE_MODULES = YES;
				CLANG_ENABLE_OBJC_ARC = YES;
				CLANG_ENABLE_OBJC_WEAK = YES;
				CLANG_WARN_BLOCK_CAPTURE_AUTORELEASING = YES;
				CLANG_WARN_BOOL_CONVERSION = YES;
				CLANG_WARN_COMMA = YES;
				CLANG_WARN_CONSTANT_CONVERSION = YES;
				CLANG_WARN_DEPRECATED_OBJC_IMPLEMENTATIONS = YES;
				CLANG_WARN_DIRECT_OBJC_ISA_USAGE = YES_ERROR;
				CLANG_WARN_DOCUMENTATION_COMMENTS = YES;
				CLANG_WARN_EMPTY_BODY = YES;
				CLANG_WARN_ENUM_CONVERSION = YES;
				CLANG_WARN_INFINITE_RECURSION = YES;
				CLANG_WARN_INT_CONVERSION = YES;
				CLANG_WARN_NON_LITERAL_NULL_CONVERSION = YES;
				CLANG_WARN_OBJC_IMPLICIT_RETAIN_SELF = YES;
				CLANG_WARN_OBJC_LITERAL_CONVERSION = YES;
				CLANG_WARN_OBJC_ROOT_CLASS = YES_ERROR;
				CLANG_WARN_QUOTED_INCLUDE_IN_FRAMEWORK_HEADER = YES;
				CLANG_WARN_RANGE_LOOP_ANALYSIS = YES;
				CLANG_WARN_STRICT_PROTOTYPES = YES;
				CLANG_WARN_SUSPICIOUS_MOVE = YES;
				CLANG_WARN_UNGUARDED_AVAILABILITY = YES_AGGRESSIVE;
				CLANG_WARN_UNREACHABLE_CODE = YES;
				CLANG_WARN__DUPLICATE_METHOD_MATCH = YES;
				COPY_PHASE_STRIP = NO;
				DEBUG_INFORMATION_FORMAT = "dwarf-with-dsym";
				ENABLE_NS_ASSERTIONS = NO;
				ENABLE_STRICT_OBJC_MSGSEND = YES;
				ENABLE_USER_SCRIPT_SANDBOXING = YES;
				GCC_C_LANGUAGE_STANDARD = gnu17;
				GCC_NO_COMMON_BLOCKS = YES;
				GCC_WARN_64_TO_32_BIT_CONVERSION = YES;
				GCC_WARN_ABOUT_RETURN_TYPE = YES_ERROR;
				GCC_WARN_UNDECLARED_SELECTOR = YES;
				GCC_WARN_UNINITIALIZED_AUTOS = YES_AGGRESSIVE;
				GCC_WARN_UNUSED_FUNCTION = YES;
				GCC_WARN_UNUSED_VARIABLE = YES;
				LOCALIZATION_PREFERS_STRING_CATALOGS = YES;
				MTL_ENABLE_DEBUG_INFO = NO;
				MTL_FAST_MATH = YES;
				SDKROOT = xros;
				SWIFT_COMPILATION_MODE = wholemodule;
				VALIDATE_PRODUCT = YES;
				XROS_DEPLOYMENT_TARGET = 1.0;
			};
			name = Release;
		};
		570B86BA2B0814A700DCE6A0 /* Debug */ = {
			isa = XCBuildConfiguration;
			buildSettings = {
				ASSETCATALOG_COMPILER_APPICON_NAME = AppIcon;
				ASSETCATALOG_COMPILER_GLOBAL_ACCENT_COLOR_NAME = AccentColor;
				CODE_SIGN_STYLE = Automatic;
				CURRENT_PROJECT_VERSION = 1;
				DEVELOPMENT_ASSET_PATHS = "\"VisionProDemo/Preview Content\"";
				ENABLE_PREVIEWS = YES;
				GENERATE_INFOPLIST_FILE = YES;
				INFOPLIST_FILE = "$(TARGET_NAME)/Info.plist";
				LD_RUNPATH_SEARCH_PATHS = (
					"$(inherited)",
					"@executable_path/Frameworks",
				);
				MARKETING_VERSION = 1.0;
				PRODUCT_BUNDLE_IDENTIFIER = tylerlindberg.VisionProDemo;
				PRODUCT_NAME = "$(TARGET_NAME)";
				SUPPORTED_PLATFORMS = "xros xrsimulator";
				SWIFT_EMIT_LOC_STRINGS = YES;
				SWIFT_VERSION = 5.0;
				TARGETED_DEVICE_FAMILY = "1,2,7";
			};
			name = Debug;
		};
		570B86BB2B0814A700DCE6A0 /* Release */ = {
			isa = XCBuildConfiguration;
			buildSettings = {
				ASSETCATALOG_COMPILER_APPICON_NAME = AppIcon;
				ASSETCATALOG_COMPILER_GLOBAL_ACCENT_COLOR_NAME = AccentColor;
				CODE_SIGN_STYLE = Automatic;
				CURRENT_PROJECT_VERSION = 1;
				DEVELOPMENT_ASSET_PATHS = "\"VisionProDemo/Preview Content\"";
				ENABLE_PREVIEWS = YES;
				GENERATE_INFOPLIST_FILE = YES;
				INFOPLIST_FILE = "$(TARGET_NAME)/Info.plist";
				LD_RUNPATH_SEARCH_PATHS = (
					"$(inherited)",
					"@executable_path/Frameworks",
				);
				MARKETING_VERSION = 1.0;
				PRODUCT_BUNDLE_IDENTIFIER = tylerlindberg.VisionProDemo;
				PRODUCT_NAME = "$(TARGET_NAME)";
				SUPPORTED_PLATFORMS = "xros xrsimulator";
				SWIFT_EMIT_LOC_STRINGS = YES;
				SWIFT_VERSION = 5.0;
				TARGETED_DEVICE_FAMILY = "1,2,7";
			};
			name = Release;
		};
/* End XCBuildConfiguration section */

/* Begin XCConfigurationList section */
		570B869F2B0814A500DCE6A0 /* Build configuration list for PBXProject "VisionProDemo" */ = {
			isa = XCConfigurationList;
			buildConfigurations = (
				570B86B72B0814A700DCE6A0 /* Debug */,
				570B86B82B0814A700DCE6A0 /* Release */,
			);
			defaultConfigurationIsVisible = 0;
			defaultConfigurationName = Release;
		};
		570B86B92B0814A700DCE6A0 /* Build configuration list for PBXNativeTarget "VisionProDemo" */ = {
			isa = XCConfigurationList;
			buildConfigurations = (
				570B86BA2B0814A700DCE6A0 /* Debug */,
				570B86BB2B0814A700DCE6A0 /* Release */,
			);
			defaultConfigurationIsVisible = 0;
			defaultConfigurationName = Release;
		};
/* End XCConfigurationList section */

/* Begin XCSwiftPackageProductDependency section */
		570B86A92B0814A500DCE6A0 /* RealityKitContent */ = {
			isa = XCSwiftPackageProductDependency;
			productName = RealityKitContent;
		};
/* End XCSwiftPackageProductDependency section */
	};
	rootObject = 570B869C2B0814A500DCE6A0 /* Project object */;
}
